
Microsoft Visual Studio Solution File, Format Version 12.00
# Visual Studio 15
VisualStudioVersion = 15.0.27130.2036
MinimumVisualStudioVersion = 10.0.40219.1
Project("{2150E333-8FDC-42A3-9474-1A3956D46DE8}") = "Solution Items", "Solution Items", "{ABFE981E-65DD-4764-952A-DE4F2D055AEA}"
	ProjectSection(SolutionItems) = preProject
		generate-docs.ps1 = generate-docs.ps1
		generate-nuget-packages.ps1 = generate-nuget-packages.ps1
		push-nuget-packages.ps1 = push-nuget-packages.ps1
		README.md = README.md
	EndProjectSection
EndProject
Project("{E24C65DC-7377-472B-9ABA-BC803B73C61A}") = "Butterfly.Client.Web", "Butterfly.Client.Web\", "{F0CCFC28-AA45-48F2-9D5C-488C415520A5}"
	ProjectSection(WebsiteProperties) = preProject
		TargetFrameworkMoniker = ".NETFramework,Version%3Dv4.6.1"
		Debug.AspNetCompiler.VirtualPath = "/localhost_59705"
		Debug.AspNetCompiler.PhysicalPath = "Butterfly.Client.Web\"
		Debug.AspNetCompiler.TargetPath = "PrecompiledWeb\localhost_59705\"
		Debug.AspNetCompiler.Updateable = "true"
		Debug.AspNetCompiler.ForceOverwrite = "true"
		Debug.AspNetCompiler.FixedNames = "false"
		Debug.AspNetCompiler.Debug = "True"
		Release.AspNetCompiler.VirtualPath = "/localhost_59705"
		Release.AspNetCompiler.PhysicalPath = "Butterfly.Client.Web\"
		Release.AspNetCompiler.TargetPath = "PrecompiledWeb\localhost_59705\"
		Release.AspNetCompiler.Updateable = "true"
		Release.AspNetCompiler.ForceOverwrite = "true"
		Release.AspNetCompiler.FixedNames = "false"
		Release.AspNetCompiler.Debug = "False"
		VWDPort = "59705"
		SlnRelativePath = "Butterfly.Client.Web\"
	EndProjectSection
EndProject
Project("{E24C65DC-7377-472B-9ABA-BC803B73C61A}") = "Butterfly.Example.HelloWorld.Client", "Butterfly.Example.HelloWorld.Client\", "{D9CE0B65-2346-462F-B80E-42EBA594FFEF}"
	ProjectSection(WebsiteProperties) = preProject
		TargetFrameworkMoniker = ".NETFramework,Version%3Dv4.0"
		Debug.AspNetCompiler.VirtualPath = "/localhost_50809"
		Debug.AspNetCompiler.PhysicalPath = "Butterfly.Example.HelloWorld.Client\"
		Debug.AspNetCompiler.TargetPath = "PrecompiledWeb\localhost_50809\"
		Debug.AspNetCompiler.Updateable = "true"
		Debug.AspNetCompiler.ForceOverwrite = "true"
		Debug.AspNetCompiler.FixedNames = "false"
		Debug.AspNetCompiler.Debug = "True"
		Release.AspNetCompiler.VirtualPath = "/localhost_50809"
		Release.AspNetCompiler.PhysicalPath = "Butterfly.Example.HelloWorld.Client\"
		Release.AspNetCompiler.TargetPath = "PrecompiledWeb\localhost_50809\"
		Release.AspNetCompiler.Updateable = "true"
		Release.AspNetCompiler.ForceOverwrite = "true"
		Release.AspNetCompiler.FixedNames = "false"
		Release.AspNetCompiler.Debug = "False"
		VWDPort = "50809"
		SlnRelativePath = "Butterfly.Example.HelloWorld.Client\"
	EndProjectSection
EndProject
Project("{E24C65DC-7377-472B-9ABA-BC803B73C61A}") = "Butterfly.Example.Todo.Client", "Butterfly.Example.Todo.Client\", "{235D822D-6F78-42FC-A92D-D5417C6C6ED5}"
	ProjectSection(WebsiteProperties) = preProject
		TargetFrameworkMoniker = ".NETFramework,Version%3Dv4.0"
		Debug.AspNetCompiler.VirtualPath = "/localhost_51233"
		Debug.AspNetCompiler.PhysicalPath = "Butterfly.Example.Todo.Client\"
		Debug.AspNetCompiler.TargetPath = "PrecompiledWeb\localhost_51233\"
		Debug.AspNetCompiler.Updateable = "true"
		Debug.AspNetCompiler.ForceOverwrite = "true"
		Debug.AspNetCompiler.FixedNames = "false"
		Debug.AspNetCompiler.Debug = "True"
		Release.AspNetCompiler.VirtualPath = "/localhost_51233"
		Release.AspNetCompiler.PhysicalPath = "Butterfly.Example.Todo.Client\"
		Release.AspNetCompiler.TargetPath = "PrecompiledWeb\localhost_51233\"
		Release.AspNetCompiler.Updateable = "true"
		Release.AspNetCompiler.ForceOverwrite = "true"
		Release.AspNetCompiler.FixedNames = "false"
		Release.AspNetCompiler.Debug = "False"
		VWDPort = "51233"
		SlnRelativePath = "Butterfly.Example.Todo.Client\"
	EndProjectSection
EndProject
Project("{E24C65DC-7377-472B-9ABA-BC803B73C61A}") = "Butterfly.Example.Todo.CordovaClient", "Butterfly.Example.Todo.CordovaClient\", "{E579D650-391F-4AE9-9854-7D61356D5B94}"
	ProjectSection(WebsiteProperties) = preProject
		TargetFrameworkMoniker = ".NETFramework,Version%3Dv4.0"
		Debug.AspNetCompiler.VirtualPath = "/localhost_55766"
		Debug.AspNetCompiler.PhysicalPath = "Butterfly.Example.Todo.CordovaClient\"
		Debug.AspNetCompiler.TargetPath = "PrecompiledWeb\localhost_55766\"
		Debug.AspNetCompiler.Updateable = "true"
		Debug.AspNetCompiler.ForceOverwrite = "true"
		Debug.AspNetCompiler.FixedNames = "false"
		Debug.AspNetCompiler.Debug = "True"
		Release.AspNetCompiler.VirtualPath = "/localhost_55766"
		Release.AspNetCompiler.PhysicalPath = "Butterfly.Example.Todo.CordovaClient\"
		Release.AspNetCompiler.TargetPath = "PrecompiledWeb\localhost_55766\"
		Release.AspNetCompiler.Updateable = "true"
		Release.AspNetCompiler.ForceOverwrite = "true"
		Release.AspNetCompiler.FixedNames = "false"
		Release.AspNetCompiler.Debug = "False"
		VWDPort = "55766"
		SlnRelativePath = "Butterfly.Example.Todo.CordovaClient\"
	EndProjectSection
EndProject
Project("{E24C65DC-7377-472B-9ABA-BC803B73C61A}") = "Butterfly.Example.Todo.ElectronClient", "Butterfly.Example.Todo.ElectronClient\", "{17DB026E-6DB0-4249-A769-FC65E9A97AB3}"
	ProjectSection(WebsiteProperties) = preProject
		TargetFrameworkMoniker = ".NETFramework,Version%3Dv4.0"
		Debug.AspNetCompiler.VirtualPath = "/localhost_54707"
		Debug.AspNetCompiler.PhysicalPath = "Butterfly.Example.Todo.ElectronClient\"
		Debug.AspNetCompiler.TargetPath = "PrecompiledWeb\localhost_54707\"
		Debug.AspNetCompiler.Updateable = "true"
		Debug.AspNetCompiler.ForceOverwrite = "true"
		Debug.AspNetCompiler.FixedNames = "false"
		Debug.AspNetCompiler.Debug = "True"
		Release.AspNetCompiler.VirtualPath = "/localhost_54707"
		Release.AspNetCompiler.PhysicalPath = "Butterfly.Example.Todo.ElectronClient\"
		Release.AspNetCompiler.TargetPath = "PrecompiledWeb\localhost_54707\"
		Release.AspNetCompiler.Updateable = "true"
		Release.AspNetCompiler.ForceOverwrite = "true"
		Release.AspNetCompiler.FixedNames = "false"
		Release.AspNetCompiler.Debug = "False"
		VWDPort = "54707"
		SlnRelativePath = "Butterfly.Example.Todo.ElectronClient\"
	EndProjectSection
EndProject
Project("{9A19103F-16F7-4668-BE54-9A1E7A4F7556}") = "Butterfly.Core", "Butterfly.Core\Butterfly.Core.csproj", "{B4355616-EEFF-4BF9-93E6-13E4C36077E0}"
EndProject
Project("{9A19103F-16F7-4668-BE54-9A1E7A4F7556}") = "Butterfly.Aws", "Butterfly.Aws\Butterfly.Aws.csproj", "{37D235DE-9C15-4B97-A9BB-4FA76132444D}"
EndProject
Project("{9A19103F-16F7-4668-BE54-9A1E7A4F7556}") = "Butterfly.Client.DotNet", "Butterfly.Client.DotNet\Butterfly.Client.DotNet.csproj", "{473CD6FE-655A-42E8-8764-1C2EB5BD7A63}"
EndProject
Project("{9A19103F-16F7-4668-BE54-9A1E7A4F7556}") = "Butterfly.EmbedIO", "Butterfly.EmbedIO\Butterfly.EmbedIO.csproj", "{9B616F47-7F5A-4A6B-8CBB-BAD017106AD6}"
EndProject
Project("{9A19103F-16F7-4668-BE54-9A1E7A4F7556}") = "Butterfly.MySql", "Butterfly.MySql\Butterfly.MySql.csproj", "{DA615BD5-21DE-4295-A767-954E1DB9D72B}"
EndProject
Project("{9A19103F-16F7-4668-BE54-9A1E7A4F7556}") = "Butterfly.Postgres", "Butterfly.Postgres\Butterfly.Postgres.csproj", "{6AF1B482-F36D-4DB4-B969-EC3C417B21A3}"
EndProject
Project("{9A19103F-16F7-4668-BE54-9A1E7A4F7556}") = "Butterfly.SQLite", "Butterfly.SQLite\Butterfly.SQLite.csproj", "{BF750914-2BAD-4058-8196-A903858FD237}"
EndProject
Project("{9A19103F-16F7-4668-BE54-9A1E7A4F7556}") = "Butterfly.Twilio", "Butterfly.Twilio\Butterfly.Twilio.csproj", "{BE2B58FC-5A55-46C9-90A5-FB89914C2EAA}"
EndProject
Project("{9A19103F-16F7-4668-BE54-9A1E7A4F7556}") = "Butterfly.Example.DatabaseDemo", "Butterfly.Example.DatabaseDemo\Butterfly.Example.DatabaseDemo.csproj", "{BDBDEFDF-BCC6-415C-8110-306FEE107258}"
EndProject
Project("{9A19103F-16F7-4668-BE54-9A1E7A4F7556}") = "Butterfly.Example.HelloWorld.Server", "Butterfly.Example.HelloWorld.Server\Butterfly.Example.HelloWorld.Server.csproj", "{42852F1F-40B4-4348-9265-7C0F78D1BC4D}"
EndProject
Project("{9A19103F-16F7-4668-BE54-9A1E7A4F7556}") = "Butterfly.Example.Todo.Server", "Butterfly.Example.Todo.Server\Butterfly.Example.Todo.Server.csproj", "{AE34FB06-5DB5-4ABD-B1B8-87EEDB902866}"
EndProject
Project("{9A19103F-16F7-4668-BE54-9A1E7A4F7556}") = "Butterfly.EmbedIO.Test", "Butterfly.EmbedIO.Test\Butterfly.EmbedIO.Test.csproj", "{7FAC0D68-DAEC-47F2-8DBE-240EA54E9AC0}"
EndProject
Project("{9A19103F-16F7-4668-BE54-9A1E7A4F7556}") = "Butterfly.Core.Test", "Butterfly.Core.Test\Butterfly.Core.Test.csproj", "{57976E18-AE74-4A11-B7F7-7E73063E374B}"
EndProject
Project("{9A19103F-16F7-4668-BE54-9A1E7A4F7556}") = "Butterfly.Aws.Test", "Butterfly.Aws.Test\Butterfly.Aws.Test.csproj", "{0CFB7E2F-C347-4D0C-9972-587A52D54B9B}"
EndProject
Project("{9A19103F-16F7-4668-BE54-9A1E7A4F7556}") = "Butterfly.Twilio.Test", "Butterfly.Twilio.Test\Butterfly.Twilio.Test.csproj", "{55E99CCF-24B4-4A4C-8929-16A10C8A0B11}"
EndProject
Project("{9A19103F-16F7-4668-BE54-9A1E7A4F7556}") = "Butterfly.MySql.Test", "Butterfly.MySql.Test\Butterfly.MySql.Test.csproj", "{DC89DEA9-D6EB-493B-BE6C-8F69ACD20518}"
EndProject
Project("{9A19103F-16F7-4668-BE54-9A1E7A4F7556}") = "Butterfly.SQLite.Test", "Butterfly.SQLite.Test\Butterfly.SQLite.Test.csproj", "{2771CA6C-D3F5-4B2E-A2C0-74B556D3A047}"
EndProject
Project("{E24C65DC-7377-472B-9ABA-BC803B73C61A}") = "docs", "docs\", "{4D722034-2801-4C7F-91EA-19714E2D0B1D}"
	ProjectSection(WebsiteProperties) = preProject
		TargetFrameworkMoniker = ".NETFramework,Version%3Dv4.0"
		Debug.AspNetCompiler.VirtualPath = "/localhost_56947"
		Debug.AspNetCompiler.PhysicalPath = "docs\"
		Debug.AspNetCompiler.TargetPath = "PrecompiledWeb\localhost_56947\"
		Debug.AspNetCompiler.Updateable = "true"
		Debug.AspNetCompiler.ForceOverwrite = "true"
		Debug.AspNetCompiler.FixedNames = "false"
		Debug.AspNetCompiler.Debug = "True"
		Release.AspNetCompiler.VirtualPath = "/localhost_56947"
		Release.AspNetCompiler.PhysicalPath = "docs\"
		Release.AspNetCompiler.TargetPath = "PrecompiledWeb\localhost_56947\"
		Release.AspNetCompiler.Updateable = "true"
		Release.AspNetCompiler.ForceOverwrite = "true"
		Release.AspNetCompiler.FixedNames = "false"
		Release.AspNetCompiler.Debug = "False"
		VWDPort = "56947"
		SlnRelativePath = "docs\"
	EndProjectSection
EndProject
Project("{E24C65DC-7377-472B-9ABA-BC803B73C61A}") = "docfx_project", "docfx_project\", "{934C100B-6EC4-47F0-A5EA-5AD829D93506}"
	ProjectSection(WebsiteProperties) = preProject
		TargetFrameworkMoniker = ".NETFramework,Version%3Dv4.0"
		Debug.AspNetCompiler.VirtualPath = "/localhost_56415"
		Debug.AspNetCompiler.PhysicalPath = "docfx_project\"
		Debug.AspNetCompiler.TargetPath = "PrecompiledWeb\localhost_56415\"
		Debug.AspNetCompiler.Updateable = "true"
		Debug.AspNetCompiler.ForceOverwrite = "true"
		Debug.AspNetCompiler.FixedNames = "false"
		Debug.AspNetCompiler.Debug = "True"
		Release.AspNetCompiler.VirtualPath = "/localhost_56415"
		Release.AspNetCompiler.PhysicalPath = "docfx_project\"
		Release.AspNetCompiler.TargetPath = "PrecompiledWeb\localhost_56415\"
		Release.AspNetCompiler.Updateable = "true"
		Release.AspNetCompiler.ForceOverwrite = "true"
		Release.AspNetCompiler.FixedNames = "false"
		Release.AspNetCompiler.Debug = "False"
		VWDPort = "56415"
		SlnRelativePath = "docfx_project\"
	EndProjectSection
EndProject
Global
	GlobalSection(SolutionConfigurationPlatforms) = preSolution
		Debug|Any CPU = Debug|Any CPU
		Release|Any CPU = Release|Any CPU
	EndGlobalSection
	GlobalSection(ProjectConfigurationPlatforms) = postSolution
		{F0CCFC28-AA45-48F2-9D5C-488C415520A5}.Debug|Any CPU.ActiveCfg = Debug|Any CPU
		{F0CCFC28-AA45-48F2-9D5C-488C415520A5}.Release|Any CPU.ActiveCfg = Debug|Any CPU
		{D9CE0B65-2346-462F-B80E-42EBA594FFEF}.Debug|Any CPU.ActiveCfg = Debug|Any CPU
		{D9CE0B65-2346-462F-B80E-42EBA594FFEF}.Release|Any CPU.ActiveCfg = Debug|Any CPU
		{235D822D-6F78-42FC-A92D-D5417C6C6ED5}.Debug|Any CPU.ActiveCfg = Debug|Any CPU
		{235D822D-6F78-42FC-A92D-D5417C6C6ED5}.Release|Any CPU.ActiveCfg = Debug|Any CPU
		{E579D650-391F-4AE9-9854-7D61356D5B94}.Debug|Any CPU.ActiveCfg = Debug|Any CPU
		{E579D650-391F-4AE9-9854-7D61356D5B94}.Release|Any CPU.ActiveCfg = Debug|Any CPU
		{17DB026E-6DB0-4249-A769-FC65E9A97AB3}.Debug|Any CPU.ActiveCfg = Debug|Any CPU
		{17DB026E-6DB0-4249-A769-FC65E9A97AB3}.Release|Any CPU.ActiveCfg = Debug|Any CPU
		{B4355616-EEFF-4BF9-93E6-13E4C36077E0}.Debug|Any CPU.ActiveCfg = Debug|Any CPU
		{B4355616-EEFF-4BF9-93E6-13E4C36077E0}.Debug|Any CPU.Build.0 = Debug|Any CPU
		{B4355616-EEFF-4BF9-93E6-13E4C36077E0}.Release|Any CPU.ActiveCfg = Release|Any CPU
		{B4355616-EEFF-4BF9-93E6-13E4C36077E0}.Release|Any CPU.Build.0 = Release|Any CPU
		{37D235DE-9C15-4B97-A9BB-4FA76132444D}.Debug|Any CPU.ActiveCfg = Debug|Any CPU
		{37D235DE-9C15-4B97-A9BB-4FA76132444D}.Debug|Any CPU.Build.0 = Debug|Any CPU
		{37D235DE-9C15-4B97-A9BB-4FA76132444D}.Release|Any CPU.ActiveCfg = Release|Any CPU
		{37D235DE-9C15-4B97-A9BB-4FA76132444D}.Release|Any CPU.Build.0 = Release|Any CPU
		{473CD6FE-655A-42E8-8764-1C2EB5BD7A63}.Debug|Any CPU.ActiveCfg = Debug|Any CPU
		{473CD6FE-655A-42E8-8764-1C2EB5BD7A63}.Debug|Any CPU.Build.0 = Debug|Any CPU
		{473CD6FE-655A-42E8-8764-1C2EB5BD7A63}.Release|Any CPU.ActiveCfg = Release|Any CPU
		{473CD6FE-655A-42E8-8764-1C2EB5BD7A63}.Release|Any CPU.Build.0 = Release|Any CPU
		{9B616F47-7F5A-4A6B-8CBB-BAD017106AD6}.Debug|Any CPU.ActiveCfg = Debug|Any CPU
		{9B616F47-7F5A-4A6B-8CBB-BAD017106AD6}.Debug|Any CPU.Build.0 = Debug|Any CPU
		{9B616F47-7F5A-4A6B-8CBB-BAD017106AD6}.Release|Any CPU.ActiveCfg = Release|Any CPU
		{9B616F47-7F5A-4A6B-8CBB-BAD017106AD6}.Release|Any CPU.Build.0 = Release|Any CPU
		{DA615BD5-21DE-4295-A767-954E1DB9D72B}.Debug|Any CPU.ActiveCfg = Debug|Any CPU
		{DA615BD5-21DE-4295-A767-954E1DB9D72B}.Debug|Any CPU.Build.0 = Debug|Any CPU
		{DA615BD5-21DE-4295-A767-954E1DB9D72B}.Release|Any CPU.ActiveCfg = Release|Any CPU
		{DA615BD5-21DE-4295-A767-954E1DB9D72B}.Release|Any CPU.Build.0 = Release|Any CPU
		{6AF1B482-F36D-4DB4-B969-EC3C417B21A3}.Debug|Any CPU.ActiveCfg = Debug|Any CPU
		{6AF1B482-F36D-4DB4-B969-EC3C417B21A3}.Debug|Any CPU.Build.0 = Debug|Any CPU
		{6AF1B482-F36D-4DB4-B969-EC3C417B21A3}.Release|Any CPU.ActiveCfg = Release|Any CPU
		{6AF1B482-F36D-4DB4-B969-EC3C417B21A3}.Release|Any CPU.Build.0 = Release|Any CPU
		{BF750914-2BAD-4058-8196-A903858FD237}.Debug|Any CPU.ActiveCfg = Debug|Any CPU
		{BF750914-2BAD-4058-8196-A903858FD237}.Debug|Any CPU.Build.0 = Debug|Any CPU
		{BF750914-2BAD-4058-8196-A903858FD237}.Release|Any CPU.ActiveCfg = Release|Any CPU
		{BF750914-2BAD-4058-8196-A903858FD237}.Release|Any CPU.Build.0 = Release|Any CPU
		{BE2B58FC-5A55-46C9-90A5-FB89914C2EAA}.Debug|Any CPU.ActiveCfg = Debug|Any CPU
		{BE2B58FC-5A55-46C9-90A5-FB89914C2EAA}.Debug|Any CPU.Build.0 = Debug|Any CPU
		{BE2B58FC-5A55-46C9-90A5-FB89914C2EAA}.Release|Any CPU.ActiveCfg = Release|Any CPU
		{BE2B58FC-5A55-46C9-90A5-FB89914C2EAA}.Release|Any CPU.Build.0 = Release|Any CPU
		{BDBDEFDF-BCC6-415C-8110-306FEE107258}.Debug|Any CPU.ActiveCfg = Debug|Any CPU
		{BDBDEFDF-BCC6-415C-8110-306FEE107258}.Debug|Any CPU.Build.0 = Debug|Any CPU
		{BDBDEFDF-BCC6-415C-8110-306FEE107258}.Release|Any CPU.ActiveCfg = Release|Any CPU
		{BDBDEFDF-BCC6-415C-8110-306FEE107258}.Release|Any CPU.Build.0 = Release|Any CPU
		{42852F1F-40B4-4348-9265-7C0F78D1BC4D}.Debug|Any CPU.ActiveCfg = Debug|Any CPU
		{42852F1F-40B4-4348-9265-7C0F78D1BC4D}.Debug|Any CPU.Build.0 = Debug|Any CPU
		{42852F1F-40B4-4348-9265-7C0F78D1BC4D}.Release|Any CPU.ActiveCfg = Release|Any CPU
		{42852F1F-40B4-4348-9265-7C0F78D1BC4D}.Release|Any CPU.Build.0 = Release|Any CPU
		{AE34FB06-5DB5-4ABD-B1B8-87EEDB902866}.Debug|Any CPU.ActiveCfg = Debug|Any CPU
		{AE34FB06-5DB5-4ABD-B1B8-87EEDB902866}.Debug|Any CPU.Build.0 = Debug|Any CPU
		{AE34FB06-5DB5-4ABD-B1B8-87EEDB902866}.Release|Any CPU.ActiveCfg = Release|Any CPU
		{AE34FB06-5DB5-4ABD-B1B8-87EEDB902866}.Release|Any CPU.Build.0 = Release|Any CPU
		{7FAC0D68-DAEC-47F2-8DBE-240EA54E9AC0}.Debug|Any CPU.ActiveCfg = Debug|Any CPU
		{7FAC0D68-DAEC-47F2-8DBE-240EA54E9AC0}.Debug|Any CPU.Build.0 = Debug|Any CPU
		{7FAC0D68-DAEC-47F2-8DBE-240EA54E9AC0}.Release|Any CPU.ActiveCfg = Release|Any CPU
		{7FAC0D68-DAEC-47F2-8DBE-240EA54E9AC0}.Release|Any CPU.Build.0 = Release|Any CPU
		{57976E18-AE74-4A11-B7F7-7E73063E374B}.Debug|Any CPU.ActiveCfg = Debug|Any CPU
		{57976E18-AE74-4A11-B7F7-7E73063E374B}.Debug|Any CPU.Build.0 = Debug|Any CPU
		{57976E18-AE74-4A11-B7F7-7E73063E374B}.Release|Any CPU.ActiveCfg = Release|Any CPU
		{57976E18-AE74-4A11-B7F7-7E73063E374B}.Release|Any CPU.Build.0 = Release|Any CPU
		{0CFB7E2F-C347-4D0C-9972-587A52D54B9B}.Debug|Any CPU.ActiveCfg = Debug|Any CPU
		{0CFB7E2F-C347-4D0C-9972-587A52D54B9B}.Debug|Any CPU.Build.0 = Debug|Any CPU
		{0CFB7E2F-C347-4D0C-9972-587A52D54B9B}.Release|Any CPU.ActiveCfg = Release|Any CPU
		{0CFB7E2F-C347-4D0C-9972-587A52D54B9B}.Release|Any CPU.Build.0 = Release|Any CPU
		{55E99CCF-24B4-4A4C-8929-16A10C8A0B11}.Debug|Any CPU.ActiveCfg = Debug|Any CPU
		{55E99CCF-24B4-4A4C-8929-16A10C8A0B11}.Debug|Any CPU.Build.0 = Debug|Any CPU
		{55E99CCF-24B4-4A4C-8929-16A10C8A0B11}.Release|Any CPU.ActiveCfg = Release|Any CPU
		{55E99CCF-24B4-4A4C-8929-16A10C8A0B11}.Release|Any CPU.Build.0 = Release|Any CPU
		{DC89DEA9-D6EB-493B-BE6C-8F69ACD20518}.Debug|Any CPU.ActiveCfg = Debug|Any CPU
		{DC89DEA9-D6EB-493B-BE6C-8F69ACD20518}.Debug|Any CPU.Build.0 = Debug|Any CPU
		{DC89DEA9-D6EB-493B-BE6C-8F69ACD20518}.Release|Any CPU.ActiveCfg = Release|Any CPU
		{DC89DEA9-D6EB-493B-BE6C-8F69ACD20518}.Release|Any CPU.Build.0 = Release|Any CPU
		{2771CA6C-D3F5-4B2E-A2C0-74B556D3A047}.Debug|Any CPU.ActiveCfg = Debug|Any CPU
		{2771CA6C-D3F5-4B2E-A2C0-74B556D3A047}.Debug|Any CPU.Build.0 = Debug|Any CPU
		{2771CA6C-D3F5-4B2E-A2C0-74B556D3A047}.Release|Any CPU.ActiveCfg = Release|Any CPU
		{2771CA6C-D3F5-4B2E-A2C0-74B556D3A047}.Release|Any CPU.Build.0 = Release|Any CPU
		{4D722034-2801-4C7F-91EA-19714E2D0B1D}.Debug|Any CPU.ActiveCfg = Debug|Any CPU
		{4D722034-2801-4C7F-91EA-19714E2D0B1D}.Release|Any CPU.ActiveCfg = Debug|Any CPU
		{934C100B-6EC4-47F0-A5EA-5AD829D93506}.Debug|Any CPU.ActiveCfg = Debug|Any CPU
		{934C100B-6EC4-47F0-A5EA-5AD829D93506}.Release|Any CPU.ActiveCfg = Debug|Any CPU
	EndGlobalSection
	GlobalSection(SolutionProperties) = preSolution
		HideSolutionNode = FALSE
	EndGlobalSection
	GlobalSection(ExtensibilityGlobals) = postSolution
		SolutionGuid = {7B71B2A6-37E0-45B9-9FE3-48A7CA5E2237}
		BuildVersion_StartDate = 2000/1/1
		BuildVersion_BuildVersioningStyle = None.None.None.Increment
	EndGlobalSection
EndGlobal
