
Microsoft Visual Studio Solution File, Format Version 12.00
# Visual Studio 15
VisualStudioVersion = 15.0.27130.2036
MinimumVisualStudioVersion = 10.0.40219.1
Project("{2150E333-8FDC-42A3-9474-1A3956D46DE8}") = "Solution Items", "Solution Items", "{ABFE981E-65DD-4764-952A-DE4F2D055AEA}"
	ProjectSection(SolutionItems) = preProject
		generate-docs.ps1 = generate-docs.ps1
		generate-nuget-packages.ps1 = generate-nuget-packages.ps1
		push-nuget-packages.ps1 = push-nuget-packages.ps1
		README.md = README.md
	EndProjectSection
EndProject
Project("{E24C65DC-7377-472B-9ABA-BC803B73C61A}") = "Butterfly.Client.Web", "Butterfly.Client.Web\", "{F0CCFC28-AA45-48F2-9D5C-488C415520A5}"
	ProjectSection(WebsiteProperties) = preProject
		TargetFrameworkMoniker = ".NETFramework,Version%3Dv4.6.1"
		Debug.AspNetCompiler.VirtualPath = "/localhost_59705"
		Debug.AspNetCompiler.PhysicalPath = "Butterfly.Client.Web\"
		Debug.AspNetCompiler.TargetPath = "PrecompiledWeb\localhost_59705\"
		Debug.AspNetCompiler.Updateable = "true"
		Debug.AspNetCompiler.ForceOverwrite = "true"
		Debug.AspNetCompiler.FixedNames = "false"
		Debug.AspNetCompiler.Debug = "True"
		Release.AspNetCompiler.VirtualPath = "/localhost_59705"
		Release.AspNetCompiler.PhysicalPath = "Butterfly.Client.Web\"
		Release.AspNetCompiler.TargetPath = "PrecompiledWeb\localhost_59705\"
		Release.AspNetCompiler.Updateable = "true"
		Release.AspNetCompiler.ForceOverwrite = "true"
		Release.AspNetCompiler.FixedNames = "false"
		Release.AspNetCompiler.Debug = "False"
		VWDPort = "59705"
		SlnRelativePath = "Butterfly.Client.Web\"
	EndProjectSection
EndProject
Project("{9A19103F-16F7-4668-BE54-9A1E7A4F7556}") = "Butterfly.Core", "Butterfly.Core\Butterfly.Core.csproj", "{B4355616-EEFF-4BF9-93E6-13E4C36077E0}"
EndProject
Project("{9A19103F-16F7-4668-BE54-9A1E7A4F7556}") = "Butterfly.Aws", "Butterfly.Aws\Butterfly.Aws.csproj", "{37D235DE-9C15-4B97-A9BB-4FA76132444D}"
EndProject
Project("{9A19103F-16F7-4668-BE54-9A1E7A4F7556}") = "Butterfly.Client.DotNet", "Butterfly.Client.DotNet\Butterfly.Client.DotNet.csproj", "{473CD6FE-655A-42E8-8764-1C2EB5BD7A63}"
EndProject
Project("{9A19103F-16F7-4668-BE54-9A1E7A4F7556}") = "Butterfly.EmbedIO", "Butterfly.EmbedIO\Butterfly.EmbedIO.csproj", "{9B616F47-7F5A-4A6B-8CBB-BAD017106AD6}"
EndProject
Project("{9A19103F-16F7-4668-BE54-9A1E7A4F7556}") = "Butterfly.MySql", "Butterfly.MySql\Butterfly.MySql.csproj", "{DA615BD5-21DE-4295-A767-954E1DB9D72B}"
EndProject
Project("{9A19103F-16F7-4668-BE54-9A1E7A4F7556}") = "Butterfly.Postgres", "Butterfly.Postgres\Butterfly.Postgres.csproj", "{6AF1B482-F36D-4DB4-B969-EC3C417B21A3}"
EndProject
Project("{9A19103F-16F7-4668-BE54-9A1E7A4F7556}") = "Butterfly.SQLite", "Butterfly.SQLite\Butterfly.SQLite.csproj", "{BF750914-2BAD-4058-8196-A903858FD237}"
EndProject
Project("{9A19103F-16F7-4668-BE54-9A1E7A4F7556}") = "Butterfly.Twilio", "Butterfly.Twilio\Butterfly.Twilio.csproj", "{BE2B58FC-5A55-46C9-90A5-FB89914C2EAA}"
EndProject
Project("{9A19103F-16F7-4668-BE54-9A1E7A4F7556}") = "Butterfly.EmbedIO.Test", "Butterfly.EmbedIO.Test\Butterfly.EmbedIO.Test.csproj", "{7FAC0D68-DAEC-47F2-8DBE-240EA54E9AC0}"
EndProject
Project("{9A19103F-16F7-4668-BE54-9A1E7A4F7556}") = "Butterfly.Core.Test", "Butterfly.Core.Test\Butterfly.Core.Test.csproj", "{57976E18-AE74-4A11-B7F7-7E73063E374B}"
EndProject
Project("{9A19103F-16F7-4668-BE54-9A1E7A4F7556}") = "Butterfly.Aws.Test", "Butterfly.Aws.Test\Butterfly.Aws.Test.csproj", "{0CFB7E2F-C347-4D0C-9972-587A52D54B9B}"
EndProject
Project("{9A19103F-16F7-4668-BE54-9A1E7A4F7556}") = "Butterfly.Twilio.Test", "Butterfly.Twilio.Test\Butterfly.Twilio.Test.csproj", "{55E99CCF-24B4-4A4C-8929-16A10C8A0B11}"
EndProject
Project("{9A19103F-16F7-4668-BE54-9A1E7A4F7556}") = "Butterfly.MySql.Test", "Butterfly.MySql.Test\Butterfly.MySql.Test.csproj", "{DC89DEA9-D6EB-493B-BE6C-8F69ACD20518}"
EndProject
Project("{9A19103F-16F7-4668-BE54-9A1E7A4F7556}") = "Butterfly.SQLite.Test", "Butterfly.SQLite.Test\Butterfly.SQLite.Test.csproj", "{2771CA6C-D3F5-4B2E-A2C0-74B556D3A047}"
EndProject
Project("{9A19103F-16F7-4668-BE54-9A1E7A4F7556}") = "Butterfly.SqlServer", "Butterfly.SqlServer\Butterfly.SqlServer.csproj", "{6A16B33E-9938-4086-9495-3A2A1E57E73B}"
EndProject
Project("{E24C65DC-7377-472B-9ABA-BC803B73C61A}") = "docs", "docs\", "{4D722034-2801-4C7F-91EA-19714E2D0B1D}"
	ProjectSection(WebsiteProperties) = preProject
		TargetFrameworkMoniker = ".NETFramework,Version%3Dv4.0"
		Debug.AspNetCompiler.VirtualPath = "/localhost_56947"
		Debug.AspNetCompiler.PhysicalPath = "docs\"
		Debug.AspNetCompiler.TargetPath = "PrecompiledWeb\localhost_56947\"
		Debug.AspNetCompiler.Updateable = "true"
		Debug.AspNetCompiler.ForceOverwrite = "true"
		Debug.AspNetCompiler.FixedNames = "false"
		Debug.AspNetCompiler.Debug = "True"
		Release.AspNetCompiler.VirtualPath = "/localhost_56947"
		Release.AspNetCompiler.PhysicalPath = "docs\"
		Release.AspNetCompiler.TargetPath = "PrecompiledWeb\localhost_56947\"
		Release.AspNetCompiler.Updateable = "true"
		Release.AspNetCompiler.ForceOverwrite = "true"
		Release.AspNetCompiler.FixedNames = "false"
		Release.AspNetCompiler.Debug = "False"
		VWDPort = "56947"
		SlnRelativePath = "docs\"
	EndProjectSection
EndProject
Project("{E24C65DC-7377-472B-9ABA-BC803B73C61A}") = "docfx_project", "docfx_project\", "{934C100B-6EC4-47F0-A5EA-5AD829D93506}"
	ProjectSection(WebsiteProperties) = preProject
		TargetFrameworkMoniker = ".NETFramework,Version%3Dv4.0"
		Debug.AspNetCompiler.VirtualPath = "/localhost_56415"
		Debug.AspNetCompiler.PhysicalPath = "docfx_project\"
		Debug.AspNetCompiler.TargetPath = "PrecompiledWeb\localhost_56415\"
		Debug.AspNetCompiler.Updateable = "true"
		Debug.AspNetCompiler.ForceOverwrite = "true"
		Debug.AspNetCompiler.FixedNames = "false"
		Debug.AspNetCompiler.Debug = "True"
		Release.AspNetCompiler.VirtualPath = "/localhost_56415"
		Release.AspNetCompiler.PhysicalPath = "docfx_project\"
		Release.AspNetCompiler.TargetPath = "PrecompiledWeb\localhost_56415\"
		Release.AspNetCompiler.Updateable = "true"
		Release.AspNetCompiler.ForceOverwrite = "true"
		Release.AspNetCompiler.FixedNames = "false"
		Release.AspNetCompiler.Debug = "False"
		VWDPort = "56415"
		SlnRelativePath = "docfx_project\"
	EndProjectSection
EndProject
Project("{9A19103F-16F7-4668-BE54-9A1E7A4F7556}") = "Butterfly.SqlServer.Test", "Butterfly.SqlServer.Test\Butterfly.SqlServer.Test.csproj", "{09880E3C-38C8-4AF8-A886-93C5DA76B30A}"
EndProject
Project("{9A19103F-16F7-4668-BE54-9A1E7A4F7556}") = "Butterfly.Example.Database", "Butterfly.Example.Database\Butterfly.Example.Database.csproj", "{5AA54991-472C-4A67-85D6-E20C86BBEDD6}"
EndProject
Project("{9A19103F-16F7-4668-BE54-9A1E7A4F7556}") = "Butterfly.Example.HelloWorld", "Butterfly.Example.HelloWorld\Butterfly.Example.HelloWorld.csproj", "{EFD1260F-AFAA-4128-965E-7E0D2CF83703}"
EndProject
Project("{9A19103F-16F7-4668-BE54-9A1E7A4F7556}") = "Butterfly.Example.RealtimeStreamingChart", "Butterfly.Example.RealtimeStreamingChart\Butterfly.Example.RealtimeStreamingChart.csproj", "{9EE371DF-481C-4403-8EB4-D2F49490A9BA}"
EndProject
Project("{9A19103F-16F7-4668-BE54-9A1E7A4F7556}") = "Butterfly.Postgres.Test", "Butterfly.Postgres.Test\Butterfly.Postgres.Test.csproj", "{13E7A3B0-1413-49BC-A7BB-646D4029C5D1}"
EndProject
Project("{9A19103F-16F7-4668-BE54-9A1E7A4F7556}") = "Butterfly.Example.Todo", "Butterfly.Example.Todo\Butterfly.Example.Todo.csproj", "{BFD6B9A9-8172-4795-9736-EF0070A5AFFB}"
EndProject
Global
	GlobalSection(SolutionConfigurationPlatforms) = preSolution
		Debug|Any CPU = Debug|Any CPU
		Release|Any CPU = Release|Any CPU
	EndGlobalSection
	GlobalSection(ProjectConfigurationPlatforms) = postSolution
		{F0CCFC28-AA45-48F2-9D5C-488C415520A5}.Debug|Any CPU.ActiveCfg = Debug|Any CPU
		{F0CCFC28-AA45-48F2-9D5C-488C415520A5}.Release|Any CPU.ActiveCfg = Debug|Any CPU
		{B4355616-EEFF-4BF9-93E6-13E4C36077E0}.Debug|Any CPU.ActiveCfg = Debug|Any CPU
		{B4355616-EEFF-4BF9-93E6-13E4C36077E0}.Debug|Any CPU.Build.0 = Debug|Any CPU
		{B4355616-EEFF-4BF9-93E6-13E4C36077E0}.Release|Any CPU.ActiveCfg = Release|Any CPU
		{B4355616-EEFF-4BF9-93E6-13E4C36077E0}.Release|Any CPU.Build.0 = Release|Any CPU
		{37D235DE-9C15-4B97-A9BB-4FA76132444D}.Debug|Any CPU.ActiveCfg = Debug|Any CPU
		{37D235DE-9C15-4B97-A9BB-4FA76132444D}.Debug|Any CPU.Build.0 = Debug|Any CPU
		{37D235DE-9C15-4B97-A9BB-4FA76132444D}.Release|Any CPU.ActiveCfg = Release|Any CPU
		{37D235DE-9C15-4B97-A9BB-4FA76132444D}.Release|Any CPU.Build.0 = Release|Any CPU
		{473CD6FE-655A-42E8-8764-1C2EB5BD7A63}.Debug|Any CPU.ActiveCfg = Debug|Any CPU
		{473CD6FE-655A-42E8-8764-1C2EB5BD7A63}.Debug|Any CPU.Build.0 = Debug|Any CPU
		{473CD6FE-655A-42E8-8764-1C2EB5BD7A63}.Release|Any CPU.ActiveCfg = Release|Any CPU
		{473CD6FE-655A-42E8-8764-1C2EB5BD7A63}.Release|Any CPU.Build.0 = Release|Any CPU
		{9B616F47-7F5A-4A6B-8CBB-BAD017106AD6}.Debug|Any CPU.ActiveCfg = Debug|Any CPU
		{9B616F47-7F5A-4A6B-8CBB-BAD017106AD6}.Debug|Any CPU.Build.0 = Debug|Any CPU
		{9B616F47-7F5A-4A6B-8CBB-BAD017106AD6}.Release|Any CPU.ActiveCfg = Release|Any CPU
		{9B616F47-7F5A-4A6B-8CBB-BAD017106AD6}.Release|Any CPU.Build.0 = Release|Any CPU
		{DA615BD5-21DE-4295-A767-954E1DB9D72B}.Debug|Any CPU.ActiveCfg = Debug|Any CPU
		{DA615BD5-21DE-4295-A767-954E1DB9D72B}.Debug|Any CPU.Build.0 = Debug|Any CPU
		{DA615BD5-21DE-4295-A767-954E1DB9D72B}.Release|Any CPU.ActiveCfg = Release|Any CPU
		{DA615BD5-21DE-4295-A767-954E1DB9D72B}.Release|Any CPU.Build.0 = Release|Any CPU
		{6AF1B482-F36D-4DB4-B969-EC3C417B21A3}.Debug|Any CPU.ActiveCfg = Debug|Any CPU
		{6AF1B482-F36D-4DB4-B969-EC3C417B21A3}.Debug|Any CPU.Build.0 = Debug|Any CPU
		{6AF1B482-F36D-4DB4-B969-EC3C417B21A3}.Release|Any CPU.ActiveCfg = Release|Any CPU
		{6AF1B482-F36D-4DB4-B969-EC3C417B21A3}.Release|Any CPU.Build.0 = Release|Any CPU
		{BF750914-2BAD-4058-8196-A903858FD237}.Debug|Any CPU.ActiveCfg = Debug|Any CPU
		{BF750914-2BAD-4058-8196-A903858FD237}.Debug|Any CPU.Build.0 = Debug|Any CPU
		{BF750914-2BAD-4058-8196-A903858FD237}.Release|Any CPU.ActiveCfg = Release|Any CPU
		{BF750914-2BAD-4058-8196-A903858FD237}.Release|Any CPU.Build.0 = Release|Any CPU
		{BE2B58FC-5A55-46C9-90A5-FB89914C2EAA}.Debug|Any CPU.ActiveCfg = Debug|Any CPU
		{BE2B58FC-5A55-46C9-90A5-FB89914C2EAA}.Debug|Any CPU.Build.0 = Debug|Any CPU
		{BE2B58FC-5A55-46C9-90A5-FB89914C2EAA}.Release|Any CPU.ActiveCfg = Release|Any CPU
		{BE2B58FC-5A55-46C9-90A5-FB89914C2EAA}.Release|Any CPU.Build.0 = Release|Any CPU
		{7FAC0D68-DAEC-47F2-8DBE-240EA54E9AC0}.Debug|Any CPU.ActiveCfg = Debug|Any CPU
		{7FAC0D68-DAEC-47F2-8DBE-240EA54E9AC0}.Debug|Any CPU.Build.0 = Debug|Any CPU
		{7FAC0D68-DAEC-47F2-8DBE-240EA54E9AC0}.Release|Any CPU.ActiveCfg = Release|Any CPU
		{7FAC0D68-DAEC-47F2-8DBE-240EA54E9AC0}.Release|Any CPU.Build.0 = Release|Any CPU
		{57976E18-AE74-4A11-B7F7-7E73063E374B}.Debug|Any CPU.ActiveCfg = Debug|Any CPU
		{57976E18-AE74-4A11-B7F7-7E73063E374B}.Debug|Any CPU.Build.0 = Debug|Any CPU
		{57976E18-AE74-4A11-B7F7-7E73063E374B}.Release|Any CPU.ActiveCfg = Release|Any CPU
		{57976E18-AE74-4A11-B7F7-7E73063E374B}.Release|Any CPU.Build.0 = Release|Any CPU
		{0CFB7E2F-C347-4D0C-9972-587A52D54B9B}.Debug|Any CPU.ActiveCfg = Debug|Any CPU
		{0CFB7E2F-C347-4D0C-9972-587A52D54B9B}.Debug|Any CPU.Build.0 = Debug|Any CPU
		{0CFB7E2F-C347-4D0C-9972-587A52D54B9B}.Release|Any CPU.ActiveCfg = Release|Any CPU
		{0CFB7E2F-C347-4D0C-9972-587A52D54B9B}.Release|Any CPU.Build.0 = Release|Any CPU
		{55E99CCF-24B4-4A4C-8929-16A10C8A0B11}.Debug|Any CPU.ActiveCfg = Debug|Any CPU
		{55E99CCF-24B4-4A4C-8929-16A10C8A0B11}.Debug|Any CPU.Build.0 = Debug|Any CPU
		{55E99CCF-24B4-4A4C-8929-16A10C8A0B11}.Release|Any CPU.ActiveCfg = Release|Any CPU
		{55E99CCF-24B4-4A4C-8929-16A10C8A0B11}.Release|Any CPU.Build.0 = Release|Any CPU
		{DC89DEA9-D6EB-493B-BE6C-8F69ACD20518}.Debug|Any CPU.ActiveCfg = Debug|Any CPU
		{DC89DEA9-D6EB-493B-BE6C-8F69ACD20518}.Debug|Any CPU.Build.0 = Debug|Any CPU
		{DC89DEA9-D6EB-493B-BE6C-8F69ACD20518}.Release|Any CPU.ActiveCfg = Release|Any CPU
		{DC89DEA9-D6EB-493B-BE6C-8F69ACD20518}.Release|Any CPU.Build.0 = Release|Any CPU
		{2771CA6C-D3F5-4B2E-A2C0-74B556D3A047}.Debug|Any CPU.ActiveCfg = Debug|Any CPU
		{2771CA6C-D3F5-4B2E-A2C0-74B556D3A047}.Debug|Any CPU.Build.0 = Debug|Any CPU
		{2771CA6C-D3F5-4B2E-A2C0-74B556D3A047}.Release|Any CPU.ActiveCfg = Release|Any CPU
		{2771CA6C-D3F5-4B2E-A2C0-74B556D3A047}.Release|Any CPU.Build.0 = Release|Any CPU
		{6A16B33E-9938-4086-9495-3A2A1E57E73B}.Debug|Any CPU.ActiveCfg = Debug|Any CPU
		{6A16B33E-9938-4086-9495-3A2A1E57E73B}.Debug|Any CPU.Build.0 = Debug|Any CPU
		{6A16B33E-9938-4086-9495-3A2A1E57E73B}.Release|Any CPU.ActiveCfg = Release|Any CPU
		{6A16B33E-9938-4086-9495-3A2A1E57E73B}.Release|Any CPU.Build.0 = Release|Any CPU
		{4D722034-2801-4C7F-91EA-19714E2D0B1D}.Debug|Any CPU.ActiveCfg = Debug|Any CPU
		{4D722034-2801-4C7F-91EA-19714E2D0B1D}.Release|Any CPU.ActiveCfg = Debug|Any CPU
		{934C100B-6EC4-47F0-A5EA-5AD829D93506}.Debug|Any CPU.ActiveCfg = Debug|Any CPU
		{934C100B-6EC4-47F0-A5EA-5AD829D93506}.Release|Any CPU.ActiveCfg = Debug|Any CPU
		{09880E3C-38C8-4AF8-A886-93C5DA76B30A}.Debug|Any CPU.ActiveCfg = Debug|Any CPU
		{09880E3C-38C8-4AF8-A886-93C5DA76B30A}.Debug|Any CPU.Build.0 = Debug|Any CPU
		{09880E3C-38C8-4AF8-A886-93C5DA76B30A}.Release|Any CPU.ActiveCfg = Release|Any CPU
		{09880E3C-38C8-4AF8-A886-93C5DA76B30A}.Release|Any CPU.Build.0 = Release|Any CPU
		{5AA54991-472C-4A67-85D6-E20C86BBEDD6}.Debug|Any CPU.ActiveCfg = Debug|Any CPU
		{5AA54991-472C-4A67-85D6-E20C86BBEDD6}.Debug|Any CPU.Build.0 = Debug|Any CPU
		{5AA54991-472C-4A67-85D6-E20C86BBEDD6}.Release|Any CPU.ActiveCfg = Release|Any CPU
		{5AA54991-472C-4A67-85D6-E20C86BBEDD6}.Release|Any CPU.Build.0 = Release|Any CPU
		{EFD1260F-AFAA-4128-965E-7E0D2CF83703}.Debug|Any CPU.ActiveCfg = Debug|Any CPU
		{EFD1260F-AFAA-4128-965E-7E0D2CF83703}.Debug|Any CPU.Build.0 = Debug|Any CPU
		{EFD1260F-AFAA-4128-965E-7E0D2CF83703}.Release|Any CPU.ActiveCfg = Release|Any CPU
		{EFD1260F-AFAA-4128-965E-7E0D2CF83703}.Release|Any CPU.Build.0 = Release|Any CPU
		{9EE371DF-481C-4403-8EB4-D2F49490A9BA}.Debug|Any CPU.ActiveCfg = Debug|Any CPU
		{9EE371DF-481C-4403-8EB4-D2F49490A9BA}.Debug|Any CPU.Build.0 = Debug|Any CPU
		{9EE371DF-481C-4403-8EB4-D2F49490A9BA}.Release|Any CPU.ActiveCfg = Release|Any CPU
		{9EE371DF-481C-4403-8EB4-D2F49490A9BA}.Release|Any CPU.Build.0 = Release|Any CPU
		{13E7A3B0-1413-49BC-A7BB-646D4029C5D1}.Debug|Any CPU.ActiveCfg = Debug|Any CPU
		{13E7A3B0-1413-49BC-A7BB-646D4029C5D1}.Debug|Any CPU.Build.0 = Debug|Any CPU
		{13E7A3B0-1413-49BC-A7BB-646D4029C5D1}.Release|Any CPU.ActiveCfg = Release|Any CPU
		{13E7A3B0-1413-49BC-A7BB-646D4029C5D1}.Release|Any CPU.Build.0 = Release|Any CPU
		{BFD6B9A9-8172-4795-9736-EF0070A5AFFB}.Debug|Any CPU.ActiveCfg = Debug|Any CPU
		{BFD6B9A9-8172-4795-9736-EF0070A5AFFB}.Debug|Any CPU.Build.0 = Debug|Any CPU
		{BFD6B9A9-8172-4795-9736-EF0070A5AFFB}.Release|Any CPU.ActiveCfg = Release|Any CPU
		{BFD6B9A9-8172-4795-9736-EF0070A5AFFB}.Release|Any CPU.Build.0 = Release|Any CPU
	EndGlobalSection
	GlobalSection(SolutionProperties) = preSolution
		HideSolutionNode = FALSE
	EndGlobalSection
	GlobalSection(ExtensibilityGlobals) = postSolution
		SolutionGuid = {7B71B2A6-37E0-45B9-9FE3-48A7CA5E2237}
		BuildVersion_StartDate = 2000/1/1
		BuildVersion_BuildVersioningStyle = None.None.None.Increment
	EndGlobalSection
EndGlobal
