{
  "name": "www",
  "version": "1.0.0",
  "lockfileVersion": 1,
  "requires": true,
  "dependencies": {
    "butterfly-client": {
      "version": "2.0.6",
      "resolved": "https://registry.npmjs.org/butterfly-client/-/butterfly-client-2.0.6.tgz",
      "integrity": "sha512-+gXTzM/leVluMDx9T/50NT/aUxznG6rTpIo3S+J4U7Ij1ANZSjmf61AqcquJRaNxs0gXATLzPi3o+iXuO/1gAg=="
    }
  }
}
