{
  "name": "butterfly.example.helloworld.client",
  "version": "1.0.0",
  "lockfileVersion": 1,
  "requires": true,
  "dependencies": {
    "butterfly-client": {
      "version": "2.0.2",
      "resolved": "https://registry.npmjs.org/butterfly-client/-/butterfly-client-2.0.2.tgz",
      "integrity": "sha512-PXBasjBsgYz28RCp5hvPE2OQ9MwoWhk2aSJV7hnWutkvGfCOa1qBUGWYgVswenHwVKlW4j2ZiOaSmoiy0Vc6pQ=="
    }
  }
}
