{
  "name": "butterfly.example.helloworld.client",
  "version": "1.0.0",
  "lockfileVersion": 1,
  "requires": true,
  "dependencies": {
    "butterfly-client": {
      "version": "1.2.2",
      "resolved": "https://registry.npmjs.org/butterfly-client/-/butterfly-client-1.2.2.tgz",
      "integrity": "sha512-OoJN70IxaCqmk4QWYDWrK7Htujp3oXaTslQN5jc2EApzld5DY9zEmH++QlXk8wSLF7QUzElDpnvQkj2YHHlyxw=="
    }
  }
}
