{
  "name": "butterfly.example.helloworld.client",
  "version": "1.0.0",
  "lockfileVersion": 1,
  "requires": true,
  "dependencies": {
    "butterfly-client": {
      "version": "1.2.3",
      "resolved": "https://registry.npmjs.org/butterfly-client/-/butterfly-client-1.2.3.tgz",
      "integrity": "sha512-f0IsgwG8QAz42sQPuatg+pf7W/ydgCUVnve4/7cxaA88XCDMxODucFllpTMt++Ce9CPl+TIFDmki7vtGGGk+ag=="
    }
  }
}
